{
  "name": "drop-dat",
  "version": "1.0.0",
  "lockfileVersion": 1,
  "requires": true,
  "dependencies": {
    "acorn": {
      "version": "5.1.2",
      "resolved": "https://registry.npmjs.org/acorn/-/acorn-5.1.2.tgz",
      "integrity": "sha512-o96FZLJBPY1lvTuJylGA9Bk3t/GKPPJG8H0ydQQl01crzwJgspa4AEIq/pVTXigmK0PHVQhiAtn8WMBLL9D2WA=="
    },
    "amdefine": {
      "version": "1.0.1",
      "resolved": "https://registry.npmjs.org/amdefine/-/amdefine-1.0.1.tgz",
      "integrity": "sha1-SlKCrBZHKek2Gbz9OtFR+BfOkfU=",
      "optional": true
    },
    "append-tree": {
      "version": "2.3.6",
      "resolved": "https://registry.npmjs.org/append-tree/-/append-tree-2.3.6.tgz",
      "integrity": "sha512-GVOpyVDH6ynEQykoKN7kXB3uewyZSlcCoBoelffCgBDCSWQTNlTOhnJ85ofxMmsNmGifgAgXVTxs2LP5BOSfhA==",
      "requires": {
        "array-lru": "1.1.1",
        "brfs": "1.4.3",
        "codecs": "1.2.0",
        "from2": "2.3.0",
        "inherits": "2.0.3",
        "mutexify": "1.2.0",
        "process-nextick-args": "1.0.7",
        "protocol-buffers": "3.2.1",
        "varint": "5.0.0"
      }
    },
    "array-lru": {
      "version": "1.1.1",
      "resolved": "https://registry.npmjs.org/array-lru/-/array-lru-1.1.1.tgz",
      "integrity": "sha1-DH4bTgIq4Wb/HoRIxZXzGB/NMzc="
    },
    "atomic-batcher": {
      "version": "1.0.2",
      "resolved": "https://registry.npmjs.org/atomic-batcher/-/atomic-batcher-1.0.2.tgz",
      "integrity": "sha1-0WkB0QzOxZUWwZe5zNiTBom4E7Q="
    },
    "base64-to-uint8array": {
      "version": "1.0.0",
      "resolved": "https://registry.npmjs.org/base64-to-uint8array/-/base64-to-uint8array-1.0.0.tgz",
      "integrity": "sha512-drjWQcees55+XQSVHYxiUF05Fj6ko3XJUoxykZEXbm0BMmNz2ieWiZGJ+6TFWnjN2saucG6pI13LS92O4kaiAg=="
    },
    "bencode": {
      "version": "1.0.0",
      "resolved": "https://registry.npmjs.org/bencode/-/bencode-1.0.0.tgz",
      "integrity": "sha512-N+VOSP5MkoX+xgnp6Y056iCY5TmCZg9rgPNPQe0bIiXchxYFP4vs/Tf0dTdQ+qQhP7HM2gvfFq+sUVjQsGy5Zw==",
      "requires": {
        "safe-buffer": "5.1.1"
      }
    },
    "bitfield-rle": {
      "version": "2.1.0",
      "resolved": "https://registry.npmjs.org/bitfield-rle/-/bitfield-rle-2.1.0.tgz",
      "integrity": "sha1-rinpOCp7pImN6fSLsj/TOMT73Pg=",
      "requires": {
        "varint": "4.0.1"
      },
      "dependencies": {
        "varint": {
          "version": "4.0.1",
          "resolved": "https://registry.npmjs.org/varint/-/varint-4.0.1.tgz",
          "integrity": "sha1-SQgpuULSSEY7KzUJeZXDv3NxmOk="
        }
      }
    },
    "bittorrent-dht": {
      "version": "7.6.0",
      "resolved": "https://registry.npmjs.org/bittorrent-dht/-/bittorrent-dht-7.6.0.tgz",
      "integrity": "sha512-KinBmIQo4wL742f+4QjMjRHrW6GzDLUeeO+JK5dcGWyOeSKhkPQ7wditN/h0hK88wYjatIAYOC1fEU/WUI3ecw==",
      "requires": {
        "bencode": "1.0.0",
        "buffer-equals": "1.0.4",
        "debug": "2.6.9",
        "inherits": "2.0.3",
        "k-bucket": "3.3.0",
        "k-rpc": "4.1.0",
        "lru": "3.1.0",
        "safe-buffer": "5.1.1"
      }
    },
    "blake2b": {
      "version": "2.1.2",
      "resolved": "https://registry.npmjs.org/blake2b/-/blake2b-2.1.2.tgz",
      "integrity": "sha1-aIDt3KNc/t6SxPsnJCITNPmJFFo=",
      "requires": {
        "blake2b-wasm": "1.1.4",
        "nanoassert": "1.1.0"
      }
    },
    "blake2b-wasm": {
      "version": "1.1.4",
      "resolved": "https://registry.npmjs.org/blake2b-wasm/-/blake2b-wasm-1.1.4.tgz",
      "integrity": "sha512-j7ZsvtE8wEXFnyt6TJwNUvBKBOHeNJMQSwIAriQkMcQU5/Ce03Y1kS4W7Sjx6WnhOZi8kVwcrVu9DgUcLHz24A==",
      "requires": {
        "base64-to-uint8array": "1.0.0",
        "brfs": "1.4.3",
        "nanoassert": "1.1.0"
      }
    },
    "brfs": {
      "version": "1.4.3",
      "resolved": "https://registry.npmjs.org/brfs/-/brfs-1.4.3.tgz",
      "integrity": "sha1-22ddb16SPm3wh/ylhZyQkKrtMhY=",
      "requires": {
        "quote-stream": "1.0.2",
        "resolve": "1.4.0",
        "static-module": "1.5.0",
        "through2": "2.0.3"
      }
    },
    "buffer-alloc-unsafe": {
      "version": "1.0.0",
      "resolved": "https://registry.npmjs.org/buffer-alloc-unsafe/-/buffer-alloc-unsafe-1.0.0.tgz",
      "integrity": "sha1-R0qojzTnvHX6MR0uZFdAnFhGw/4="
    },
    "buffer-equal": {
      "version": "0.0.1",
      "resolved": "https://registry.npmjs.org/buffer-equal/-/buffer-equal-0.0.1.tgz",
      "integrity": "sha1-kbx0sR6kBbyRa8aqkI+q+ltKrEs="
    },
    "buffer-equals": {
      "version": "1.0.4",
      "resolved": "https://registry.npmjs.org/buffer-equals/-/buffer-equals-1.0.4.tgz",
      "integrity": "sha1-A1O1T9B/2VZBcGca5vZrnPENJ/U="
    },
    "buffer-indexof": {
      "version": "1.1.1",
      "resolved": "https://registry.npmjs.org/buffer-indexof/-/buffer-indexof-1.1.1.tgz",
      "integrity": "sha512-4/rOEg86jivtPTeOUUT61jJO1Ya1TrR/OkqCSZDyq84WJh3LuuiphBYJN+fm5xufIk4XAFcEwte/8WzC8If/1g=="
    },
    "bulk-write-stream": {
      "version": "1.1.3",
      "resolved": "https://registry.npmjs.org/bulk-write-stream/-/bulk-write-stream-1.1.3.tgz",
      "integrity": "sha1-0pyjhfvVPzV67lvT0wKHMrYq4nU=",
      "requires": {
        "inherits": "2.0.3",
        "readable-stream": "2.3.3"
      }
    },
    "codecs": {
      "version": "1.2.0",
      "resolved": "https://registry.npmjs.org/codecs/-/codecs-1.2.0.tgz",
      "integrity": "sha1-UUhUnj0VbF+gU9fLtBlxWgz0PRY="
    },
    "concat-stream": {
      "version": "1.6.0",
      "resolved": "https://registry.npmjs.org/concat-stream/-/concat-stream-1.6.0.tgz",
      "integrity": "sha1-CqxmL9Ur54lk1VMvaUeE5wEQrPc=",
      "requires": {
        "inherits": "2.0.3",
        "readable-stream": "2.3.3",
        "typedarray": "0.0.6"
      }
    },
    "connections": {
      "version": "1.4.2",
      "resolved": "https://registry.npmjs.org/connections/-/connections-1.4.2.tgz",
      "integrity": "sha1-eJBIK/XHGvbFyhkr4xNq7XRCiq0="
    },
    "core-util-is": {
      "version": "1.0.2",
      "resolved": "https://registry.npmjs.org/core-util-is/-/core-util-is-1.0.2.tgz",
      "integrity": "sha1-tf1UIgqivFq1eqtxQMlAdUUDwac="
    },
    "datland-swarm-defaults": {
      "version": "1.0.2",
      "resolved": "https://registry.npmjs.org/datland-swarm-defaults/-/datland-swarm-defaults-1.0.2.tgz",
      "integrity": "sha1-J3uJWjnxqn+WpJWgL7NmKl7Z8uA=",
      "requires": {
        "xtend": "4.0.1"
      }
    },
    "debug": {
      "version": "2.6.9",
      "resolved": "https://registry.npmjs.org/debug/-/debug-2.6.9.tgz",
      "integrity": "sha512-bC7ElrdJaJnPbAP+1EotYvqZsb3ecl5wi6Bfi6BJTUcNowp6cvspg0jXznRTKDjm/E7AdgFBVeAPVMNcKGsHMA==",
      "requires": {
        "ms": "2.0.0"
      }
    },
    "discovery-channel": {
      "version": "5.4.6",
      "resolved": "https://registry.npmjs.org/discovery-channel/-/discovery-channel-5.4.6.tgz",
      "integrity": "sha1-Gw8l5YEkUH6GG23D7LdENmu1PK0=",
      "requires": {
        "bittorrent-dht": "7.6.0",
        "debug": "2.6.9",
        "dns-discovery": "5.6.1",
        "pretty-hash": "1.0.1",
        "thunky": "0.1.0"
      },
      "dependencies": {
        "thunky": {
          "version": "0.1.0",
          "resolved": "https://registry.npmjs.org/thunky/-/thunky-0.1.0.tgz",
          "integrity": "sha1-vzAUaCTituZ7Dy16Ssi+smkIaE4="
        }
      }
    },
    "discovery-swarm": {
      "version": "4.4.2",
      "resolved": "https://registry.npmjs.org/discovery-swarm/-/discovery-swarm-4.4.2.tgz",
      "integrity": "sha1-XTFgpGAZ5Q6HQZV2XffWAe5VqBM=",
      "requires": {
        "buffer-equals": "1.0.4",
        "connections": "1.4.2",
        "debug": "2.6.9",
        "discovery-channel": "5.4.6",
        "length-prefixed-message": "3.0.3",
        "pump": "1.0.2",
        "to-buffer": "1.1.0",
        "utp-native": "1.5.4"
      }
    },
    "dns-discovery": {
      "version": "5.6.1",
      "resolved": "https://registry.npmjs.org/dns-discovery/-/dns-discovery-5.6.1.tgz",
      "integrity": "sha512-r27fv3lDuZXCqmb5b04tV2aDxVbwVJaSyPzwPlOYCUbk9F7JvsY+n7EBfY2Z952bGx5TZt3SLQ+ELFjfqyLVoA==",
      "requires": {
        "debug": "2.6.9",
        "dns-socket": "1.6.2",
        "dns-txt": "2.0.2",
        "lru": "2.0.1",
        "minimist": "1.2.0",
        "multicast-dns": "6.1.1",
        "network-address": "1.1.2",
        "unordered-set": "1.1.0"
      },
      "dependencies": {
        "lru": {
          "version": "2.0.1",
          "resolved": "https://registry.npmjs.org/lru/-/lru-2.0.1.tgz",
          "integrity": "sha1-+XmHHhYuP1yiVL5GhExT1MU2RUQ=",
          "requires": {
            "inherits": "2.0.3"
          }
        },
        "unordered-set": {
          "version": "1.1.0",
          "resolved": "https://registry.npmjs.org/unordered-set/-/unordered-set-1.1.0.tgz",
          "integrity": "sha1-K6fvMW7dC5WQzFR8dPdqLxZP7Mo="
        }
      }
    },
    "dns-packet": {
      "version": "1.2.2",
      "resolved": "https://registry.npmjs.org/dns-packet/-/dns-packet-1.2.2.tgz",
      "integrity": "sha512-kN+DjfGF7dJGUL7nWRktL9Z18t1rWP3aQlyZdY8XlpvU3Nc6GeFTQApftcjtWKxAZfiggZSGrCEoszNgvnpwDg==",
      "requires": {
        "ip": "1.1.5",
        "safe-buffer": "5.1.1"
      }
    },
    "dns-socket": {
      "version": "1.6.2",
      "resolved": "https://registry.npmjs.org/dns-socket/-/dns-socket-1.6.2.tgz",
      "integrity": "sha512-Ztbaf5fToBfm/4+sVEJi7mT2mJOLYYpI+TpgOhxwp5l28UwunTpHMccVhTe9L0F6pQ2cUF0ja9ukuTCtzYq2Ig==",
      "requires": {
        "dns-packet": "1.2.2"
      }
    },
    "dns-txt": {
      "version": "2.0.2",
      "resolved": "https://registry.npmjs.org/dns-txt/-/dns-txt-2.0.2.tgz",
      "integrity": "sha1-uR2Ab10nGI5Ks+fRB9iBocxGQrY=",
      "requires": {
        "buffer-indexof": "1.1.1"
      }
    },
    "duplexer2": {
      "version": "0.0.2",
      "resolved": "https://registry.npmjs.org/duplexer2/-/duplexer2-0.0.2.tgz",
      "integrity": "sha1-xhTc9n4vsUmVqRcR5aYX6KYKMds=",
      "requires": {
        "readable-stream": "1.1.14"
      },
      "dependencies": {
        "isarray": {
          "version": "0.0.1",
          "resolved": "https://registry.npmjs.org/isarray/-/isarray-0.0.1.tgz",
          "integrity": "sha1-ihis/Kmo9Bd+Cav8YDiTmwXR7t8="
        },
        "readable-stream": {
          "version": "1.1.14",
          "resolved": "https://registry.npmjs.org/readable-stream/-/readable-stream-1.1.14.tgz",
          "integrity": "sha1-fPTFTvZI44EwhMY23SB54WbAgdk=",
          "requires": {
            "core-util-is": "1.0.2",
            "inherits": "2.0.3",
            "isarray": "0.0.1",
            "string_decoder": "0.10.31"
          }
        },
        "string_decoder": {
          "version": "0.10.31",
          "resolved": "https://registry.npmjs.org/string_decoder/-/string_decoder-0.10.31.tgz",
          "integrity": "sha1-YuIDvEF2bGwoyfyEMB2rHFMQ+pQ="
        }
      }
    },
    "duplexify": {
      "version": "3.5.1",
      "resolved": "https://registry.npmjs.org/duplexify/-/duplexify-3.5.1.tgz",
      "integrity": "sha512-j5goxHTwVED1Fpe5hh3q9R93Kip0Bg2KVAt4f8CEYM3UEwYcPSvWbXaUQOzdX/HtiNomipv+gU7ASQPDbV7pGQ==",
      "requires": {
        "end-of-stream": "1.4.0",
        "inherits": "2.0.3",
        "readable-stream": "2.3.3",
        "stream-shift": "1.0.0"
      }
    },
    "end-of-stream": {
      "version": "1.4.0",
      "resolved": "https://registry.npmjs.org/end-of-stream/-/end-of-stream-1.4.0.tgz",
      "integrity": "sha1-epDYM+/abPpurA9JSduw+tOmMgY=",
      "requires": {
        "once": "1.4.0"
      }
    },
    "escodegen": {
      "version": "1.3.3",
      "resolved": "https://registry.npmjs.org/escodegen/-/escodegen-1.3.3.tgz",
      "integrity": "sha1-8CQBb1qI4Eb9EgBQVek5gC5sXyM=",
      "requires": {
        "esprima": "1.1.1",
        "estraverse": "1.5.1",
        "esutils": "1.0.0",
        "source-map": "0.1.43"
      }
    },
    "esprima": {
      "version": "1.1.1",
      "resolved": "https://registry.npmjs.org/esprima/-/esprima-1.1.1.tgz",
      "integrity": "sha1-W28VR/TRAuZw4UDFCb5ncdautUk="
    },
    "estraverse": {
      "version": "1.5.1",
      "resolved": "https://registry.npmjs.org/estraverse/-/estraverse-1.5.1.tgz",
      "integrity": "sha1-hno+jlip+EYYr7bC3bzZFrfLr3E="
    },
    "esutils": {
      "version": "1.0.0",
      "resolved": "https://registry.npmjs.org/esutils/-/esutils-1.0.0.tgz",
      "integrity": "sha1-gVHTWOIMisx/t0XnRywAJf5JZXA="
    },
    "falafel": {
      "version": "2.1.0",
      "resolved": "https://registry.npmjs.org/falafel/-/falafel-2.1.0.tgz",
      "integrity": "sha1-lrsXdh2rqU9G0AFzizzt86Z/4Gw=",
      "requires": {
        "acorn": "5.1.2",
        "foreach": "2.0.5",
        "isarray": "0.0.1",
        "object-keys": "1.0.11"
      },
      "dependencies": {
        "isarray": {
          "version": "0.0.1",
          "resolved": "https://registry.npmjs.org/isarray/-/isarray-0.0.1.tgz",
          "integrity": "sha1-ihis/Kmo9Bd+Cav8YDiTmwXR7t8="
        }
      }
    },
    "flat-tree": {
      "version": "1.6.0",
      "resolved": "https://registry.npmjs.org/flat-tree/-/flat-tree-1.6.0.tgz",
      "integrity": "sha1-/KMM3bkAb7ZW6168ea6ydOf96e0="
    },
    "foreach": {
      "version": "2.0.5",
      "resolved": "https://registry.npmjs.org/foreach/-/foreach-2.0.5.tgz",
      "integrity": "sha1-C+4AUBiusmDQo6865ljdATbsG5k="
    },
    "from2": {
      "version": "2.3.0",
      "resolved": "https://registry.npmjs.org/from2/-/from2-2.3.0.tgz",
      "integrity": "sha1-i/tVAr3kpNNs/e6gB/zKIdfjgq8=",
      "requires": {
        "inherits": "2.0.3",
        "readable-stream": "2.3.3"
      }
    },
    "function-bind": {
      "version": "1.1.1",
      "resolved": "https://registry.npmjs.org/function-bind/-/function-bind-1.1.1.tgz",
      "integrity": "sha512-yIovAzMX49sF8Yl58fSCWJ5svSLuaibPxXQJFLmBObTuCr0Mf1KiPopGM9NiFjiYBCbfaa2Fh6breQ6ANVTI0A=="
    },
    "generate-function": {
      "version": "2.0.0",
      "resolved": "https://registry.npmjs.org/generate-function/-/generate-function-2.0.0.tgz",
      "integrity": "sha1-aFj+fAlpt9TpCTM3ZHrHn2DfvnQ="
    },
    "generate-object-property": {
      "version": "1.2.0",
      "resolved": "https://registry.npmjs.org/generate-object-property/-/generate-object-property-1.2.0.tgz",
      "integrity": "sha1-nA4cQDCM6AT0eDYYuTf6iPmdUNA=",
      "requires": {
        "is-property": "1.0.2"
      }
    },
    "has": {
      "version": "1.0.1",
      "resolved": "https://registry.npmjs.org/has/-/has-1.0.1.tgz",
      "integrity": "sha1-hGFzP1OLCDfJNh45qauelwTcLyg=",
      "requires": {
        "function-bind": "1.1.1"
      }
    },
    "hypercore": {
      "version": "6.10.0",
      "resolved": "https://registry.npmjs.org/hypercore/-/hypercore-6.10.0.tgz",
      "integrity": "sha512-CXHuJJjRuJW5hqenJKrmJl7ON2kzy7tpONU9Ve+GAb5Jh6HeqwgYn6qHKPR5bcNMN+aDCDTvU+0MXPUWpGZ9yA==",
      "requires": {
        "array-lru": "1.1.1",
        "atomic-batcher": "1.0.2",
        "bitfield-rle": "2.1.0",
        "buffer-equals": "1.0.4",
        "bulk-write-stream": "1.1.3",
        "codecs": "1.2.0",
        "flat-tree": "1.6.0",
        "from2": "2.3.0",
        "hypercore-protocol": "6.4.0",
        "inherits": "2.0.3",
        "last-one-wins": "1.0.4",
        "memory-pager": "1.0.3",
        "merkle-tree-stream": "3.0.3",
        "process-nextick-args": "1.0.7",
        "random-access-file": "1.8.1",
        "sodium-universal": "1.4.0",
        "sparse-bitfield": "3.0.3",
        "thunky": "1.0.2",
        "uint64be": "2.0.1",
        "unordered-array-remove": "1.0.2",
        "unordered-set": "2.0.0"
      }
    },
    "hypercore-protocol": {
      "version": "6.4.0",
      "resolved": "https://registry.npmjs.org/hypercore-protocol/-/hypercore-protocol-6.4.0.tgz",
      "integrity": "sha1-iXpvoLeSa0iZXdp+A9qtB31jODg=",
      "requires": {
        "brfs": "1.4.3",
        "inherits": "2.0.3",
        "protocol-buffers": "3.2.1",
        "readable-stream": "2.3.3",
        "sodium-universal": "1.4.0",
        "sorted-indexof": "1.0.0",
        "varint": "5.0.0"
      }
    },
    "hyperdiscovery": {
      "version": "6.0.4",
      "resolved": "https://registry.npmjs.org/hyperdiscovery/-/hyperdiscovery-6.0.4.tgz",
      "integrity": "sha1-U2DrIwjstsCjQbt5KteBK/GG2hY=",
      "requires": {
        "datland-swarm-defaults": "1.0.2",
        "discovery-swarm": "4.4.2",
        "xtend": "4.0.1"
      }
    },
    "hyperdrive": {
      "version": "9.8.2",
      "resolved": "https://registry.npmjs.org/hyperdrive/-/hyperdrive-9.8.2.tgz",
      "integrity": "sha512-ChVS+tznK908h+1jdBr5+s/ckUv3tR7hyJFKY3ZzAi8g10f/D0Nb6EZLQachfHJuyNMK3kGzis45y1a7iDCkgw==",
      "requires": {
        "append-tree": "2.3.6",
        "duplexify": "3.5.1",
        "from2": "2.3.0",
        "hypercore": "6.10.0",
        "inherits": "2.0.3",
        "mutexify": "1.2.0",
        "protocol-buffers": "3.2.1",
        "random-access-file": "1.8.1",
        "sodium-universal": "1.4.0",
        "stream-collector": "1.0.1",
        "stream-each": "1.2.0",
        "thunky": "1.0.2",
        "uint64be": "2.0.1",
        "unixify": "1.0.0"
      }
    },
    "inherits": {
      "version": "2.0.3",
      "resolved": "https://registry.npmjs.org/inherits/-/inherits-2.0.3.tgz",
      "integrity": "sha1-Yzwsg+PaQqUC9SRmAiSA9CCCYd4="
    },
    "ip": {
      "version": "1.1.5",
      "resolved": "https://registry.npmjs.org/ip/-/ip-1.1.5.tgz",
      "integrity": "sha1-vd7XARQpCCjAoDnnLvJfWq7ENUo="
    },
    "is-property": {
      "version": "1.0.2",
      "resolved": "https://registry.npmjs.org/is-property/-/is-property-1.0.2.tgz",
      "integrity": "sha1-V/4cTkhHTt1lsJkR8msc1Ald2oQ="
    },
    "isarray": {
      "version": "1.0.0",
      "resolved": "https://registry.npmjs.org/isarray/-/isarray-1.0.0.tgz",
      "integrity": "sha1-u5NdSFgsuhaMBoNJV6VKPgcSTxE="
    },
    "k-bucket": {
      "version": "3.3.0",
      "resolved": "https://registry.npmjs.org/k-bucket/-/k-bucket-3.3.0.tgz",
      "integrity": "sha512-WIAQ54LfNjzt4viUIEVnXo9cr7ALS9Yocg+USLoiO89Uvbf9hz0OBtqmfzSr49kT3vbnhlzFfsJHFQ0xnp7LbA==",
      "requires": {
        "buffer-equals": "1.0.4",
        "inherits": "2.0.3",
        "randombytes": "2.0.5"
      }
    },
    "k-rpc": {
      "version": "4.1.0",
      "resolved": "https://registry.npmjs.org/k-rpc/-/k-rpc-4.1.0.tgz",
      "integrity": "sha512-Qvetvl34ZXrOWDXMMeP/WQMN3/ep3SASGxcJhUZLgQb1U7VA+/SzwxhDi9KRZWBEqrU0FUWr/yqLP44TfzSwzw==",
      "requires": {
        "buffer-equals": "1.0.4",
        "k-bucket": "3.3.0",
        "k-rpc-socket": "1.7.1",
        "safe-buffer": "5.1.1"
      }
    },
    "k-rpc-socket": {
      "version": "1.7.1",
      "resolved": "https://registry.npmjs.org/k-rpc-socket/-/k-rpc-socket-1.7.1.tgz",
      "integrity": "sha512-FmHDmrT6sIs2MM/uMYW0Jmjd01wk2NxzPd6+9iH7onvutqhWXZ8PoZ9p/mVS58SQILC7jKZacC72V5QNkvAXew==",
      "requires": {
        "bencode": "1.0.0",
        "safe-buffer": "5.1.1"
      }
    },
    "last-one-wins": {
      "version": "1.0.4",
      "resolved": "https://registry.npmjs.org/last-one-wins/-/last-one-wins-1.0.4.tgz",
      "integrity": "sha1-wb/Qy8tGeQ7JFWuNGu6Py4bNoio="
    },
    "length-prefixed-message": {
      "version": "3.0.3",
      "resolved": "https://registry.npmjs.org/length-prefixed-message/-/length-prefixed-message-3.0.3.tgz",
      "integrity": "sha1-JFR01pq8BhTco2jcNaqAdJgqI6w=",
      "requires": {
        "varint": "3.0.1"
      },
      "dependencies": {
        "varint": {
          "version": "3.0.1",
          "resolved": "https://registry.npmjs.org/varint/-/varint-3.0.1.tgz",
          "integrity": "sha1-nT9T4DbAqxIACnS8LSTL8JOlgdk="
        }
      }
    },
    "lru": {
      "version": "3.1.0",
      "resolved": "https://registry.npmjs.org/lru/-/lru-3.1.0.tgz",
      "integrity": "sha1-6n+4VG2DczOWoTCR12z+tMBoN9U=",
      "requires": {
        "inherits": "2.0.3"
      }
    },
    "memory-pager": {
      "version": "1.0.3",
      "resolved": "https://registry.npmjs.org/memory-pager/-/memory-pager-1.0.3.tgz",
      "integrity": "sha1-A3gSAD5mq+3MhMynIsQlWQ6Pqog="
    },
    "merkle-tree-stream": {
      "version": "3.0.3",
      "resolved": "https://registry.npmjs.org/merkle-tree-stream/-/merkle-tree-stream-3.0.3.tgz",
      "integrity": "sha1-+KBkdg0355eK1fn208EZpJT1cIE=",
      "requires": {
        "flat-tree": "1.6.0",
        "readable-stream": "2.3.3"
      }
    },
    "minimist": {
      "version": "1.2.0",
      "resolved": "https://registry.npmjs.org/minimist/-/minimist-1.2.0.tgz",
      "integrity": "sha1-o1AIsg9BOD7sH7kU9M1d95omQoQ="
    },
    "mkdirp": {
      "version": "0.5.1",
      "resolved": "https://registry.npmjs.org/mkdirp/-/mkdirp-0.5.1.tgz",
      "integrity": "sha1-MAV0OOrGz3+MR2fzhkjWaX11yQM=",
      "requires": {
        "minimist": "0.0.8"
      },
      "dependencies": {
        "minimist": {
          "version": "0.0.8",
          "resolved": "https://registry.npmjs.org/minimist/-/minimist-0.0.8.tgz",
          "integrity": "sha1-hX/Kv8M5fSYluCKCYuhqp6ARsF0="
        }
      }
    },
    "ms": {
      "version": "2.0.0",
      "resolved": "https://registry.npmjs.org/ms/-/ms-2.0.0.tgz",
      "integrity": "sha1-VgiurfwAvmwpAd9fmGF4jeDVl8g="
    },
    "multicast-dns": {
      "version": "6.1.1",
      "resolved": "https://registry.npmjs.org/multicast-dns/-/multicast-dns-6.1.1.tgz",
      "integrity": "sha1-bn3oalcIcqsXBYrepxYLvsqBTd4=",
      "requires": {
        "dns-packet": "1.2.2",
        "thunky": "0.1.0"
      },
      "dependencies": {
        "thunky": {
          "version": "0.1.0",
          "resolved": "https://registry.npmjs.org/thunky/-/thunky-0.1.0.tgz",
          "integrity": "sha1-vzAUaCTituZ7Dy16Ssi+smkIaE4="
        }
      }
    },
    "mutexify": {
      "version": "1.2.0",
      "resolved": "https://registry.npmjs.org/mutexify/-/mutexify-1.2.0.tgz",
      "integrity": "sha512-oprzxd2zhfrJqEuB98qc1dRMMonClBQ57UPDjnbcrah4orEMTq1jq3+AcdFe5ePzdbJXI7zmdhfftIdMnhYFoQ=="
    },
    "nan": {
      "version": "2.7.0",
      "resolved": "https://registry.npmjs.org/nan/-/nan-2.7.0.tgz",
      "integrity": "sha1-2Vv3IeyHfgjbJ27T/G63j5CDrUY=",
      "optional": true
    },
    "nanoassert": {
      "version": "1.1.0",
      "resolved": "https://registry.npmjs.org/nanoassert/-/nanoassert-1.1.0.tgz",
      "integrity": "sha1-TzFS4JVA/eKMdvRLGbvNHVpCR40="
    },
    "network-address": {
      "version": "1.1.2",
      "resolved": "https://registry.npmjs.org/network-address/-/network-address-1.1.2.tgz",
      "integrity": "sha1-Sqe/1D8D8LgclwKxPWqFjdsybz4="
    },
    "node-gyp-build": {
      "version": "3.2.2",
      "resolved": "https://registry.npmjs.org/node-gyp-build/-/node-gyp-build-3.2.2.tgz",
      "integrity": "sha512-t8W/0UqFGl1c+5ORA3NoT3npU+PxWBL9iPhY7ZySSTszodj3RWexmu8niayWBE0v+0DLARvOXsjaAvfmSEQOyQ==",
      "optional": true
    },
    "normalize-path": {
      "version": "2.1.1",
      "resolved": "https://registry.npmjs.org/normalize-path/-/normalize-path-2.1.1.tgz",
      "integrity": "sha1-GrKLVW4Zg2Oowab35vogE3/mrtk=",
      "requires": {
        "remove-trailing-separator": "1.1.0"
      }
    },
    "object-inspect": {
      "version": "0.4.0",
      "resolved": "https://registry.npmjs.org/object-inspect/-/object-inspect-0.4.0.tgz",
      "integrity": "sha1-9RV8EWwUVbJDsG7pdwM5LFrYn+w="
    },
    "object-keys": {
      "version": "1.0.11",
      "resolved": "https://registry.npmjs.org/object-keys/-/object-keys-1.0.11.tgz",
      "integrity": "sha1-xUYBd4rVYPEULODgG8yotW0TQm0="
    },
    "once": {
      "version": "1.4.0",
      "resolved": "https://registry.npmjs.org/once/-/once-1.4.0.tgz",
      "integrity": "sha1-WDsap3WWHUsROsF9nFC6753Xa9E=",
      "requires": {
        "wrappy": "1.0.2"
      }
    },
    "path-parse": {
      "version": "1.0.5",
      "resolved": "https://registry.npmjs.org/path-parse/-/path-parse-1.0.5.tgz",
      "integrity": "sha1-PBrfhx6pzWyUMbbqK9dKD/BVxME="
    },
    "pretty-hash": {
      "version": "1.0.1",
      "resolved": "https://registry.npmjs.org/pretty-hash/-/pretty-hash-1.0.1.tgz",
      "integrity": "sha1-FuBXkYje9WvbVliSvNBaXWUySAc="
    },
    "process-nextick-args": {
      "version": "1.0.7",
      "resolved": "https://registry.npmjs.org/process-nextick-args/-/process-nextick-args-1.0.7.tgz",
      "integrity": "sha1-FQ4gt1ZZCtP5EJPyWk8q2L/zC6M="
    },
    "protocol-buffers": {
      "version": "3.2.1",
      "resolved": "https://registry.npmjs.org/protocol-buffers/-/protocol-buffers-3.2.1.tgz",
      "integrity": "sha1-NyWOF+JKCC8G67F3MekoUdHHaIk=",
      "requires": {
        "brfs": "1.4.3",
        "generate-function": "2.0.0",
        "generate-object-property": "1.2.0",
        "protocol-buffers-schema": "3.3.2",
        "signed-varint": "2.0.1",
        "varint": "5.0.0"
      }
    },
    "protocol-buffers-schema": {
      "version": "3.3.2",
      "resolved": "https://registry.npmjs.org/protocol-buffers-schema/-/protocol-buffers-schema-3.3.2.tgz",
      "integrity": "sha512-Xdayp8sB/mU+sUV4G7ws8xtYMGdQnxbeIfLjyO9TZZRJdztBGhlmbI5x1qcY4TG5hBkIKGnc28i7nXxaugu88w=="
    },
    "pump": {
      "version": "1.0.2",
      "resolved": "https://registry.npmjs.org/pump/-/pump-1.0.2.tgz",
      "integrity": "sha1-Oz7mUS+U8OV1U4wXmV+fFpkKXVE=",
      "requires": {
        "end-of-stream": "1.4.0",
        "once": "1.4.0"
      }
    },
    "quote-stream": {
      "version": "1.0.2",
      "resolved": "https://registry.npmjs.org/quote-stream/-/quote-stream-1.0.2.tgz",
      "integrity": "sha1-hJY/jJwmuULhU/7rU6rnRlK34LI=",
      "requires": {
        "buffer-equal": "0.0.1",
        "minimist": "1.2.0",
        "through2": "2.0.3"
      }
    },
    "random-access-file": {
      "version": "1.8.1",
      "resolved": "https://registry.npmjs.org/random-access-file/-/random-access-file-1.8.1.tgz",
      "integrity": "sha512-+Uhk0Of+dWHWjpbL2hizcwSV1UomcN3S0iUGV6BTZ2Js1BP9jHx3E5CT7y0eLbqTQNkVi4iehkHmia7Mdqa47w==",
      "requires": {
        "buffer-alloc-unsafe": "1.0.0",
        "debug": "2.6.9",
        "inherits": "2.0.3",
        "mkdirp": "0.5.1",
        "thunky": "1.0.2"
      }
    },
    "random-access-memory": {
      "version": "2.4.0",
      "resolved": "https://registry.npmjs.org/random-access-memory/-/random-access-memory-2.4.0.tgz",
      "integrity": "sha1-cvPYZbS1WiWYeUc+L7LeNWnGnuI=",
      "requires": {
        "process-nextick-args": "1.0.7"
      }
    },
    "randombytes": {
      "version": "2.0.5",
      "resolved": "https://registry.npmjs.org/randombytes/-/randombytes-2.0.5.tgz",
      "integrity": "sha512-8T7Zn1AhMsQ/HI1SjcCfT/t4ii3eAqco3yOcSzS4mozsOz69lHLsoMXmF9nZgnFanYscnSlUSgs8uZyKzpE6kg==",
      "requires": {
        "safe-buffer": "5.1.1"
      }
    },
    "readable-stream": {
      "version": "2.3.3",
      "resolved": "https://registry.npmjs.org/readable-stream/-/readable-stream-2.3.3.tgz",
      "integrity": "sha512-m+qzzcn7KUxEmd1gMbchF+Y2eIUbieUaxkWtptyHywrX0rE8QEYqPC07Vuy4Wm32/xE16NcdBctb8S0Xe/5IeQ==",
      "requires": {
        "core-util-is": "1.0.2",
        "inherits": "2.0.3",
        "isarray": "1.0.0",
        "process-nextick-args": "1.0.7",
        "safe-buffer": "5.1.1",
        "string_decoder": "1.0.3",
        "util-deprecate": "1.0.2"
      }
    },
    "remove-trailing-separator": {
      "version": "1.1.0",
      "resolved": "https://registry.npmjs.org/remove-trailing-separator/-/remove-trailing-separator-1.1.0.tgz",
      "integrity": "sha1-wkvOKig62tW8P1jg1IJJuSN52O8="
    },
    "resolve": {
      "version": "1.4.0",
      "resolved": "https://registry.npmjs.org/resolve/-/resolve-1.4.0.tgz",
      "integrity": "sha512-aW7sVKPufyHqOmyyLzg/J+8606v5nevBgaliIlV7nUpVMsDnoBGV/cbSLNjZAg9q0Cfd/+easKVKQ8vOu8fn1Q==",
      "requires": {
        "path-parse": "1.0.5"
      }
    },
    "safe-buffer": {
      "version": "5.1.1",
      "resolved": "https://registry.npmjs.org/safe-buffer/-/safe-buffer-5.1.1.tgz",
      "integrity": "sha512-kKvNJn6Mm93gAczWVJg7wH+wGYWNrDHdWvpUmHyEsgCtIwwo3bqPtV4tR5tuPaUhTOo/kvhVwd8XwwOllGYkbg=="
    },
    "shallow-copy": {
      "version": "0.0.1",
      "resolved": "https://registry.npmjs.org/shallow-copy/-/shallow-copy-0.0.1.tgz",
      "integrity": "sha1-QV9CcC1z2BAzApLMXuhurhoRoXA="
    },
    "signed-varint": {
      "version": "2.0.1",
      "resolved": "https://registry.npmjs.org/signed-varint/-/signed-varint-2.0.1.tgz",
      "integrity": "sha1-UKmYnafJjCxh2tEZvJdHDvhSgSk=",
      "requires": {
        "varint": "5.0.0"
      }
    },
    "siphash24": {
      "version": "1.0.2",
      "resolved": "https://registry.npmjs.org/siphash24/-/siphash24-1.0.2.tgz",
      "integrity": "sha512-/yUF5S4+z46QxpT/mW/wdlsQQTdO1yl3H36aql6u2m3Ve6u9iATS+yHN+rMXr4jm1qQ0wJUDK2ofdkZeQjMmig==",
      "requires": {
        "base64-to-uint8array": "1.0.0",
        "brfs": "1.4.3",
        "nanoassert": "1.1.0"
      }
    },
    "sodium-javascript": {
      "version": "0.5.1",
      "resolved": "https://registry.npmjs.org/sodium-javascript/-/sodium-javascript-0.5.1.tgz",
      "integrity": "sha512-M8H34jbD8WPaNVx7LfLyk3fabujOppnjEskJYXSlYqJ83BMFyO3wYFzvhSW3/yL4j0JFgYRYm5c/dzGK1AqxFA==",
      "requires": {
        "blake2b": "2.1.2",
        "nanoassert": "1.1.0",
        "siphash24": "1.0.2",
        "xsalsa20": "1.0.2"
      }
    },
    "sodium-native": {
      "version": "1.10.3",
      "resolved": "https://registry.npmjs.org/sodium-native/-/sodium-native-1.10.3.tgz",
      "integrity": "sha512-FIeYaG5cc0YZjsAaWP/BCXDNO2xusbtDJbCbEvXrf6/6+dRo/8XCiEG0kwlRcR0wr56sgsZ327BId3ifFe2WYw==",
      "optional": true,
      "requires": {
        "nan": "2.7.0",
        "node-gyp-build": "3.2.2"
      }
    },
    "sodium-universal": {
      "version": "1.4.0",
      "resolved": "https://registry.npmjs.org/sodium-universal/-/sodium-universal-1.4.0.tgz",
      "integrity": "sha512-hMQ4uoqoyUES9Q8CAeUFYcc2ODq72cq+riSTO+XsuZZjYDTvKlvFIK+v/wMTbv5woa/omMwFvsxib5gVz0qEXg==",
      "requires": {
        "sodium-javascript": "0.5.1",
        "sodium-native": "1.10.3"
      }
    },
    "sorted-indexof": {
      "version": "1.0.0",
      "resolved": "https://registry.npmjs.org/sorted-indexof/-/sorted-indexof-1.0.0.tgz",
      "integrity": "sha1-F8dC/3zxh+L1mhXfm4HxemLOCJk="
    },
    "source-map": {
      "version": "0.1.43",
      "resolved": "https://registry.npmjs.org/source-map/-/source-map-0.1.43.tgz",
      "integrity": "sha1-wkvBRspRfBRx9drL4lcbK3+eM0Y=",
      "optional": true,
      "requires": {
        "amdefine": "1.0.1"
      }
    },
    "sparse-bitfield": {
      "version": "3.0.3",
      "resolved": "https://registry.npmjs.org/sparse-bitfield/-/sparse-bitfield-3.0.3.tgz",
      "integrity": "sha1-/0rm5oZWBWuks+eSqzM004JzyhE=",
      "requires": {
        "memory-pager": "1.0.3"
      }
    },
    "static-eval": {
      "version": "0.2.4",
      "resolved": "https://registry.npmjs.org/static-eval/-/static-eval-0.2.4.tgz",
      "integrity": "sha1-t9NNg4k3uWn5ZBygfUj47eJj6ns=",
      "requires": {
        "escodegen": "0.0.28"
      },
      "dependencies": {
        "escodegen": {
          "version": "0.0.28",
          "resolved": "https://registry.npmjs.org/escodegen/-/escodegen-0.0.28.tgz",
          "integrity": "sha1-Dk/xcV8yh3XWyrUaxEpAbNer/9M=",
          "requires": {
            "esprima": "1.0.4",
            "estraverse": "1.3.2",
            "source-map": "0.1.43"
          }
        },
        "esprima": {
          "version": "1.0.4",
          "resolved": "https://registry.npmjs.org/esprima/-/esprima-1.0.4.tgz",
          "integrity": "sha1-n1V+CPw7TSbs6d00+Pv0drYlha0="
        },
        "estraverse": {
          "version": "1.3.2",
          "resolved": "https://registry.npmjs.org/estraverse/-/estraverse-1.3.2.tgz",
          "integrity": "sha1-N8K4k+8T1yPydth41g2FNRUqbEI="
        }
      }
    },
    "static-module": {
      "version": "1.5.0",
      "resolved": "https://registry.npmjs.org/static-module/-/static-module-1.5.0.tgz",
      "integrity": "sha1-J9qYg8QajNCSNvhC8MHrxu32PYY=",
      "requires": {
        "concat-stream": "1.6.0",
        "duplexer2": "0.0.2",
        "escodegen": "1.3.3",
        "falafel": "2.1.0",
        "has": "1.0.1",
        "object-inspect": "0.4.0",
        "quote-stream": "0.0.0",
        "readable-stream": "1.0.34",
        "shallow-copy": "0.0.1",
        "static-eval": "0.2.4",
        "through2": "0.4.2"
      },
      "dependencies": {
        "isarray": {
          "version": "0.0.1",
          "resolved": "https://registry.npmjs.org/isarray/-/isarray-0.0.1.tgz",
          "integrity": "sha1-ihis/Kmo9Bd+Cav8YDiTmwXR7t8="
        },
        "minimist": {
          "version": "0.0.8",
          "resolved": "https://registry.npmjs.org/minimist/-/minimist-0.0.8.tgz",
          "integrity": "sha1-hX/Kv8M5fSYluCKCYuhqp6ARsF0="
        },
        "object-keys": {
          "version": "0.4.0",
          "resolved": "https://registry.npmjs.org/object-keys/-/object-keys-0.4.0.tgz",
          "integrity": "sha1-KKaq50KN0sOpLz2V8hM13SBOAzY="
        },
        "quote-stream": {
          "version": "0.0.0",
          "resolved": "https://registry.npmjs.org/quote-stream/-/quote-stream-0.0.0.tgz",
          "integrity": "sha1-zeKelMQJsW4Z3HCYuJtmWPlyHTs=",
          "requires": {
            "minimist": "0.0.8",
            "through2": "0.4.2"
          }
        },
        "readable-stream": {
          "version": "1.0.34",
          "resolved": "https://registry.npmjs.org/readable-stream/-/readable-stream-1.0.34.tgz",
          "integrity": "sha1-Elgg40vIQtLyqq+v5MKRbuMsFXw=",
          "requires": {
            "core-util-is": "1.0.2",
            "inherits": "2.0.3",
            "isarray": "0.0.1",
            "string_decoder": "0.10.31"
          }
        },
        "string_decoder": {
          "version": "0.10.31",
          "resolved": "https://registry.npmjs.org/string_decoder/-/string_decoder-0.10.31.tgz",
          "integrity": "sha1-YuIDvEF2bGwoyfyEMB2rHFMQ+pQ="
        },
        "through2": {
          "version": "0.4.2",
          "resolved": "https://registry.npmjs.org/through2/-/through2-0.4.2.tgz",
          "integrity": "sha1-2/WGYDEVHsg1K7bE22SiKSqEC5s=",
          "requires": {
            "readable-stream": "1.0.34",
            "xtend": "2.1.2"
          }
        },
        "xtend": {
          "version": "2.1.2",
          "resolved": "https://registry.npmjs.org/xtend/-/xtend-2.1.2.tgz",
          "integrity": "sha1-bv7MKk2tjmlixJAbM3znuoe10os=",
          "requires": {
            "object-keys": "0.4.0"
          }
        }
      }
    },
    "stream-collector": {
      "version": "1.0.1",
      "resolved": "https://registry.npmjs.org/stream-collector/-/stream-collector-1.0.1.tgz",
      "integrity": "sha1-TU5V8XE1YSGyxfZVn5RHBaso2xU=",
      "requires": {
        "once": "1.4.0"
      }
    },
    "stream-each": {
      "version": "1.2.0",
      "resolved": "https://registry.npmjs.org/stream-each/-/stream-each-1.2.0.tgz",
      "integrity": "sha1-HpXUdXP1gNgU3A/4zQ9m8c5TyZE=",
      "requires": {
        "end-of-stream": "1.4.0",
        "stream-shift": "1.0.0"
      }
    },
    "stream-shift": {
      "version": "1.0.0",
      "resolved": "https://registry.npmjs.org/stream-shift/-/stream-shift-1.0.0.tgz",
      "integrity": "sha1-1cdSgl5TZ+eG944Y5EXqIjoVWVI="
    },
    "string_decoder": {
      "version": "1.0.3",
      "resolved": "https://registry.npmjs.org/string_decoder/-/string_decoder-1.0.3.tgz",
      "integrity": "sha512-4AH6Z5fzNNBcH+6XDMfA/BTt87skxqJlO0lAh3Dker5zThcAxG6mKz+iGu308UKoPPQ8Dcqx/4JhujzltRa+hQ==",
      "requires": {
        "safe-buffer": "5.1.1"
      }
    },
    "through2": {
      "version": "2.0.3",
      "resolved": "https://registry.npmjs.org/through2/-/through2-2.0.3.tgz",
      "integrity": "sha1-AARWmzfHx0ujnEPzzteNGtlBQL4=",
      "requires": {
        "readable-stream": "2.3.3",
        "xtend": "4.0.1"
      }
    },
    "thunky": {
      "version": "1.0.2",
      "resolved": "https://registry.npmjs.org/thunky/-/thunky-1.0.2.tgz",
      "integrity": "sha1-qGLgGOP7HqLsP85dVWBc9X8kc3E="
    },
    "to-buffer": {
      "version": "1.1.0",
      "resolved": "https://registry.npmjs.org/to-buffer/-/to-buffer-1.1.0.tgz",
      "integrity": "sha1-N1vAPtrlw1qPoLP+laHzmF2x3Po="
    },
    "typedarray": {
      "version": "0.0.6",
      "resolved": "https://registry.npmjs.org/typedarray/-/typedarray-0.0.6.tgz",
      "integrity": "sha1-hnrHTjhkGHsdPUfZlqeOxciDB3c="
    },
    "uint64be": {
      "version": "2.0.1",
      "resolved": "https://registry.npmjs.org/uint64be/-/uint64be-2.0.1.tgz",
      "integrity": "sha1-oxDZTk5eCwKpXWeOMzI/gCvchCg="
    },
    "unixify": {
      "version": "1.0.0",
      "resolved": "https://registry.npmjs.org/unixify/-/unixify-1.0.0.tgz",
      "integrity": "sha1-OmQcjC/7zk2mg6XHDwOkYpQMIJA=",
      "requires": {
        "normalize-path": "2.1.1"
      }
    },
    "unordered-array-remove": {
      "version": "1.0.2",
      "resolved": "https://registry.npmjs.org/unordered-array-remove/-/unordered-array-remove-1.0.2.tgz",
      "integrity": "sha1-xUbo+I4xegzyZEyX7LV9umbSUO8="
    },
    "unordered-set": {
      "version": "2.0.0",
      "resolved": "https://registry.npmjs.org/unordered-set/-/unordered-set-2.0.0.tgz",
      "integrity": "sha1-mFon6XW6oguCY66np5HpMAlBqew="
    },
    "util-deprecate": {
      "version": "1.0.2",
      "resolved": "https://registry.npmjs.org/util-deprecate/-/util-deprecate-1.0.2.tgz",
      "integrity": "sha1-RQ1Nyfpw3nMnYvvS1KKJgUGaDM8="
    },
    "utp-native": {
      "version": "1.5.4",
      "resolved": "https://registry.npmjs.org/utp-native/-/utp-native-1.5.4.tgz",
      "integrity": "sha512-cOzS0kJlMC9LScG9Rl0W6j4y8DimC1ZQQniNwJuUKwnCwuBG3jj3tTYjudTCmEGZoGnYrRTf8MZ0IrTL4hls2w==",
      "optional": true,
      "requires": {
        "nan": "2.7.0",
        "node-gyp-build": "3.2.2",
        "readable-stream": "2.3.3"
      }
    },
    "varint": {
      "version": "5.0.0",
      "resolved": "https://registry.npmjs.org/varint/-/varint-5.0.0.tgz",
      "integrity": "sha1-2Ca4n3SQcy+rwMDtaT7Uddyynr8="
    },
    "wrappy": {
      "version": "1.0.2",
      "resolved": "https://registry.npmjs.org/wrappy/-/wrappy-1.0.2.tgz",
      "integrity": "sha1-tSQ9jz7BqjXxNkYFvA0QNuMKtp8="
    },
    "xsalsa20": {
      "version": "1.0.2",
      "resolved": "https://registry.npmjs.org/xsalsa20/-/xsalsa20-1.0.2.tgz",
      "integrity": "sha512-g1DFmZ5JJ9Qzvt4dMw6m9IydqoCSP381ucU5zm46Owbk3bwmqAr8eEJirOPc7PrXRn45drzOpAyDp8jsnoyXyw=="
    },
    "xtend": {
      "version": "4.0.1",
      "resolved": "https://registry.npmjs.org/xtend/-/xtend-4.0.1.tgz",
      "integrity": "sha1-pcbVMr5lbiPbgg77lDofBJmNY68="
    }
  }
}
